// !$*UTF8*$!
{
	archiveVersion = 1;
	classes = {
	};
	objectVersion = 56;
	objects = {

/* Begin PBXBuildFile section */
		521073262B9A4C82006F499A /* Calculater.swift in Sources */ = {isa = PBXBuildFile; fileRef = 521073252B9A4C82006F499A /* Calculater.swift */; };
		521623652B7E629B0049F737 /* AppDelegate.swift in Sources */ = {isa = PBXBuildFile; fileRef = 521623642B7E629B0049F737 /* AppDelegate.swift */; };
		521623672B7E629B0049F737 /* SceneDelegate.swift in Sources */ = {isa = PBXBuildFile; fileRef = 521623662B7E629B0049F737 /* SceneDelegate.swift */; };
		521623692B7E629B0049F737 /* ViewController.swift in Sources */ = {isa = PBXBuildFile; fileRef = 521623682B7E629B0049F737 /* ViewController.swift */; };
		5216236C2B7E629B0049F737 /* Main.storyboard in Resources */ = {isa = PBXBuildFile; fileRef = 5216236A2B7E629B0049F737 /* Main.storyboard */; };
		5216236E2B7E629C0049F737 /* Assets.xcassets in Resources */ = {isa = PBXBuildFile; fileRef = 5216236D2B7E629C0049F737 /* Assets.xcassets */; };
		521623712B7E629C0049F737 /* LaunchScreen.storyboard in Resources */ = {isa = PBXBuildFile; fileRef = 5216236F2B7E629C0049F737 /* LaunchScreen.storyboard */; };
		5232768D2B991ECA0045C4D7 /* CarList.swift in Sources */ = {isa = PBXBuildFile; fileRef = 5232768C2B991EC90045C4D7 /* CarList.swift */; };
		5232768F2B9929D10045C4D7 /* Carlistcells.swift in Sources */ = {isa = PBXBuildFile; fileRef = 5232768E2B9929D10045C4D7 /* Carlistcells.swift */; };
		5234E75D2B9B803300A21F59 /* Lab2.swift in Sources */ = {isa = PBXBuildFile; fileRef = 5234E75C2B9B803300A21F59 /* Lab2.swift */; };
		5234E75F2B9B83DB00A21F59 /* Lab3.swift in Sources */ = {isa = PBXBuildFile; fileRef = 5234E75E2B9B83DB00A21F59 /* Lab3.swift */; };
		5234E7672B9B86F000A21F59 /* Lab4Autolayout.swift in Sources */ = {isa = PBXBuildFile; fileRef = 5234E7662B9B86F000A21F59 /* Lab4Autolayout.swift */; };
		52A3A1AF2BA0F4A4004A9888 /* DarshanMistry.swift in Sources */ = {isa = PBXBuildFile; fileRef = 52A3A1AE2BA0F4A4004A9888 /* DarshanMistry.swift */; };
		52A3A1B12BA0F513004A9888 /* carSearch.swift in Sources */ = {isa = PBXBuildFile; fileRef = 52A3A1B02BA0F513004A9888 /* carSearch.swift */; };
		52A5015E2B9A957300F3EC58 /* Quadraticformula.swift in Sources */ = {isa = PBXBuildFile; fileRef = 52A5015D2B9A957300F3EC58 /* Quadraticformula.swift */; };
/* End PBXBuildFile section */

/* Begin PBXFileReference section */
		521073252B9A4C82006F499A /* Calculater.swift */ = {isa = PBXFileReference; lastKnownFileType = sourcecode.swift; path = Calculater.swift; sourceTree = "<group>"; };
		521623612B7E629B0049F737 /* Darshan_Mistry_MT_8967753.app */ = {isa = PBXFileReference; explicitFileType = wrapper.application; includeInIndex = 0; path = Darshan_Mistry_MT_8967753.app; sourceTree = BUILT_PRODUCTS_DIR; };
		521623642B7E629B0049F737 /* AppDelegate.swift */ = {isa = PBXFileReference; lastKnownFileType = sourcecode.swift; path = AppDelegate.swift; sourceTree = "<group>"; };
		521623662B7E629B0049F737 /* SceneDelegate.swift */ = {isa = PBXFileReference; lastKnownFileType = sourcecode.swift; path = SceneDelegate.swift; sourceTree = "<group>"; };
		521623682B7E629B0049F737 /* ViewController.swift */ = {isa = PBXFileReference; lastKnownFileType = sourcecode.swift; path = ViewController.swift; sourceTree = "<group>"; };
		5216236B2B7E629B0049F737 /* Base */ = {isa = PBXFileReference; lastKnownFileType = file.storyboard; name = Base; path = Base.lproj/Main.storyboard; sourceTree = "<group>"; };
		5216236D2B7E629C0049F737 /* Assets.xcassets */ = {isa = PBXFileReference; lastKnownFileType = folder.assetcatalog; path = Assets.xcassets; sourceTree = "<group>"; };
		521623702B7E629C0049F737 /* Base */ = {isa = PBXFileReference; lastKnownFileType = file.storyboard; name = Base; path = Base.lproj/LaunchScreen.storyboard; sourceTree = "<group>"; };
		521623722B7E629C0049F737 /* Info.plist */ = {isa = PBXFileReference; lastKnownFileType = text.plist.xml; path = Info.plist; sourceTree = "<group>"; };
		5232768C2B991EC90045C4D7 /* CarList.swift */ = {isa = PBXFileReference; lastKnownFileType = sourcecode.swift; path = CarList.swift; sourceTree = "<group>"; };
		5232768E2B9929D10045C4D7 /* Carlistcells.swift */ = {isa = PBXFileReference; lastKnownFileType = sourcecode.swift; path = Carlistcells.swift; sourceTree = "<group>"; };
		5234E75C2B9B803300A21F59 /* Lab2.swift */ = {isa = PBXFileReference; lastKnownFileType = sourcecode.swift; path = Lab2.swift; sourceTree = "<group>"; };
		5234E75E2B9B83DB00A21F59 /* Lab3.swift */ = {isa = PBXFileReference; lastKnownFileType = sourcecode.swift; path = Lab3.swift; sourceTree = "<group>"; };
		5234E7662B9B86F000A21F59 /* Lab4Autolayout.swift */ = {isa = PBXFileReference; lastKnownFileType = sourcecode.swift; path = Lab4Autolayout.swift; sourceTree = "<group>"; };
		52A3A1AE2BA0F4A4004A9888 /* DarshanMistry.swift */ = {isa = PBXFileReference; lastKnownFileType = sourcecode.swift; path = DarshanMistry.swift; sourceTree = "<group>"; };
		52A3A1B02BA0F513004A9888 /* carSearch.swift */ = {isa = PBXFileReference; lastKnownFileType = sourcecode.swift; path = carSearch.swift; sourceTree = "<group>"; };
		52A5015D2B9A957300F3EC58 /* Quadraticformula.swift */ = {isa = PBXFileReference; lastKnownFileType = sourcecode.swift; path = Quadraticformula.swift; sourceTree = "<group>"; };
/* End PBXFileReference section */

/* Begin PBXFrameworksBuildPhase section */
		5216235E2B7E629B0049F737 /* Frameworks */ = {
			isa = PBXFrameworksBuildPhase;
			buildActionMask = 2147483647;
			files = (
			);
			runOnlyForDeploymentPostprocessing = 0;
		};
/* End PBXFrameworksBuildPhase section */

/* Begin PBXGroup section */
		521623582B7E629B0049F737 = {
			isa = PBXGroup;
			children = (
				521623632B7E629B0049F737 /* Darshan_Mistry_MT_8967753 */,
				521623622B7E629B0049F737 /* Products */,
			);
			sourceTree = "<group>";
		};
		521623622B7E629B0049F737 /* Products */ = {
			isa = PBXGroup;
			children = (
				521623612B7E629B0049F737 /* Darshan_Mistry_MT_8967753.app */,
			);
			name = Products;
			sourceTree = "<group>";
		};
		521623632B7E629B0049F737 /* Darshan_Mistry_MT_8967753 */ = {
			isa = PBXGroup;
			children = (
				521623642B7E629B0049F737 /* AppDelegate.swift */,
				521623662B7E629B0049F737 /* SceneDelegate.swift */,
				521623682B7E629B0049F737 /* ViewController.swift */,
				5216236A2B7E629B0049F737 /* Main.storyboard */,
				52A3A1B02BA0F513004A9888 /* carSearch.swift */,
				52A3A1AE2BA0F4A4004A9888 /* DarshanMistry.swift */,
				5234E7662B9B86F000A21F59 /* Lab4Autolayout.swift */,
				5234E75E2B9B83DB00A21F59 /* Lab3.swift */,
				5234E75C2B9B803300A21F59 /* Lab2.swift */,
				52A5015D2B9A957300F3EC58 /* Quadraticformula.swift */,
				521073252B9A4C82006F499A /* Calculater.swift */,
				5232768E2B9929D10045C4D7 /* Carlistcells.swift */,
				5232768C2B991EC90045C4D7 /* CarList.swift */,
				5216236D2B7E629C0049F737 /* Assets.xcassets */,
				5216236F2B7E629C0049F737 /* LaunchScreen.storyboard */,
				521623722B7E629C0049F737 /* Info.plist */,
			);
			path = Darshan_Mistry_MT_8967753;
			sourceTree = "<group>";
		};
/* End PBXGroup section */

/* Begin PBXNativeTarget section */
		521623602B7E629B0049F737 /* Darshan_Mistry_MT_8967753 */ = {
			isa = PBXNativeTarget;
			buildConfigurationList = 521623752B7E629C0049F737 /* Build configuration list for PBXNativeTarget "Darshan_Mistry_MT_8967753" */;
			buildPhases = (
				5216235D2B7E629B0049F737 /* Sources */,
				5216235E2B7E629B0049F737 /* Frameworks */,
				5216235F2B7E629B0049F737 /* Resources */,
			);
			buildRules = (
			);
			dependencies = (
			);
			name = Darshan_Mistry_MT_8967753;
			productName = Darshan_Mistry_MT_8967753;
			productReference = 521623612B7E629B0049F737 /* Darshan_Mistry_MT_8967753.app */;
			productType = "com.apple.product-type.application";
		};
/* End PBXNativeTarget section */

/* Begin PBXProject section */
		521623592B7E629B0049F737 /* Project object */ = {
			isa = PBXProject;
			attributes = {
				BuildIndependentTargetsInParallel = 1;
				LastSwiftUpdateCheck = 1400;
				LastUpgradeCheck = 1400;
				TargetAttributes = {
					521623602B7E629B0049F737 = {
						CreatedOnToolsVersion = 14.0;
					};
				};
			};
			buildConfigurationList = 5216235C2B7E629B0049F737 /* Build configuration list for PBXProject "Darshan_Mistry_MT_8967753" */;
			compatibilityVersion = "Xcode 14.0";
			developmentRegion = en;
			hasScannedForEncodings = 0;
			knownRegions = (
				en,
				Base,
			);
			mainGroup = 521623582B7E629B0049F737;
			productRefGroup = 521623622B7E629B0049F737 /* Products */;
			projectDirPath = "";
			projectRoot = "";
			targets = (
				521623602B7E629B0049F737 /* Darshan_Mistry_MT_8967753 */,
			);
		};
/* End PBXProject section */

/* Begin PBXResourcesBuildPhase section */
		5216235F2B7E629B0049F737 /* Resources */ = {
			isa = PBXResourcesBuildPhase;
			buildActionMask = 2147483647;
			files = (
				521623712B7E629C0049F737 /* LaunchScreen.storyboard in Resources */,
				5216236E2B7E629C0049F737 /* Assets.xcassets in Resources */,
				5216236C2B7E629B0049F737 /* Main.storyboard in Resources */,
			);
			runOnlyForDeploymentPostprocessing = 0;
		};
/* End PBXResourcesBuildPhase section */

/* Begin PBXSourcesBuildPhase section */
		5216235D2B7E629B0049F737 /* Sources */ = {
			isa = PBXSourcesBuildPhase;
			buildActionMask = 2147483647;
			files = (
				5234E7672B9B86F000A21F59 /* Lab4Autolayout.swift in Sources */,
				521623692B7E629B0049F737 /* ViewController.swift in Sources */,
				521073262B9A4C82006F499A /* Calculater.swift in Sources */,
				52A3A1AF2BA0F4A4004A9888 /* DarshanMistry.swift in Sources */,
				52A5015E2B9A957300F3EC58 /* Quadraticformula.swift in Sources */,
				521623652B7E629B0049F737 /* AppDelegate.swift in Sources */,
				5234E75F2B9B83DB00A21F59 /* Lab3.swift in Sources */,
				5234E75D2B9B803300A21F59 /* Lab2.swift in Sources */,
				5232768D2B991ECA0045C4D7 /* CarList.swift in Sources */,
				521623672B7E629B0049F737 /* SceneDelegate.swift in Sources */,
				5232768F2B9929D10045C4D7 /* Carlistcells.swift in Sources */,
				52A3A1B12BA0F513004A9888 /* carSearch.swift in Sources */,
			);
			runOnlyForDeploymentPostprocessing = 0;
		};
/* End PBXSourcesBuildPhase section */

/* Begin PBXVariantGroup section */
		5216236A2B7E629B0049F737 /* Main.storyboard */ = {
			isa = PBXVariantGroup;
			children = (
				5216236B2B7E629B0049F737 /* Base */,
			);
			name = Main.storyboard;
			sourceTree = "<group>";
		};
		5216236F2B7E629C0049F737 /* LaunchScreen.storyboard */ = {
			isa = PBXVariantGroup;
			children = (
				521623702B7E629C0049F737 /* Base */,
			);
			name = LaunchScreen.storyboard;
			sourceTree = "<group>";
		};
/* End PBXVariantGroup section */

/* Begin XCBuildConfiguration section */
		521623732B7E629C0049F737 /* Debug */ = {
			isa = XCBuildConfiguration;
			buildSettings = {
				ALWAYS_SEARCH_USER_PATHS = NO;
				CLANG_ANALYZER_NONNULL = YES;
				CLANG_ANALYZER_NUMBER_OBJECT_CONVERSION = YES_AGGRESSIVE;
				CLANG_CXX_LANGUAGE_STANDARD = "gnu++20";
				CLANG_ENABLE_MODULES = YES;
				CLANG_ENABLE_OBJC_ARC = YES;
				CLANG_ENABLE_OBJC_WEAK = YES;
				CLANG_WARN_BLOCK_CAPTURE_AUTORELEASING = YES;
				CLANG_WARN_BOOL_CONVERSION = YES;
				CLANG_WARN_COMMA = YES;
				CLANG_WARN_CONSTANT_CONVERSION = YES;
				CLANG_WARN_DEPRECATED_OBJC_IMPLEMENTATIONS = YES;
				CLANG_WARN_DIRECT_OBJC_ISA_USAGE = YES_ERROR;
				CLANG_WARN_DOCUMENTATION_COMMENTS = YES;
				CLANG_WARN_EMPTY_BODY = YES;
				CLANG_WARN_ENUM_CONVERSION = YES;
				CLANG_WARN_INFINITE_RECURSION = YES;
				CLANG_WARN_INT_CONVERSION = YES;
				CLANG_WARN_NON_LITERAL_NULL_CONVERSION = YES;
				CLANG_WARN_OBJC_IMPLICIT_RETAIN_SELF = YES;
				CLANG_WARN_OBJC_LITERAL_CONVERSION = YES;
				CLANG_WARN_OBJC_ROOT_CLASS = YES_ERROR;
				CLANG_WARN_QUOTED_INCLUDE_IN_FRAMEWORK_HEADER = YES;
				CLANG_WARN_RANGE_LOOP_ANALYSIS = YES;
				CLANG_WARN_STRICT_PROTOTYPES = YES;
				CLANG_WARN_SUSPICIOUS_MOVE = YES;
				CLANG_WARN_UNGUARDED_AVAILABILITY = YES_AGGRESSIVE;
				CLANG_WARN_UNREACHABLE_CODE = YES;
				CLANG_WARN__DUPLICATE_METHOD_MATCH = YES;
				COPY_PHASE_STRIP = NO;
				DEBUG_INFORMATION_FORMAT = dwarf;
				ENABLE_STRICT_OBJC_MSGSEND = YES;
				ENABLE_TESTABILITY = YES;
				GCC_C_LANGUAGE_STANDARD = gnu11;
				GCC_DYNAMIC_NO_PIC = NO;
				GCC_NO_COMMON_BLOCKS = YES;
				GCC_OPTIMIZATION_LEVEL = 0;
				GCC_PREPROCESSOR_DEFINITIONS = (
					"DEBUG=1",
					"$(inherited)",
				);
				GCC_WARN_64_TO_32_BIT_CONVERSION = YES;
				GCC_WARN_ABOUT_RETURN_TYPE = YES_ERROR;
				GCC_WARN_UNDECLARED_SELECTOR = YES;
				GCC_WARN_UNINITIALIZED_AUTOS = YES_AGGRESSIVE;
				GCC_WARN_UNUSED_FUNCTION = YES;
				GCC_WARN_UNUSED_VARIABLE = YES;
				IPHONEOS_DEPLOYMENT_TARGET = 16.0;
				MTL_ENABLE_DEBUG_INFO = INCLUDE_SOURCE;
				MTL_FAST_MATH = YES;
				ONLY_ACTIVE_ARCH = YES;
				SDKROOT = iphoneos;
				SWIFT_ACTIVE_COMPILATION_CONDITIONS = DEBUG;
				SWIFT_OPTIMIZATION_LEVEL = "-Onone";
			};
			name = Debug;
		};
		521623742B7E629C0049F737 /* Release */ = {
			isa = XCBuildConfiguration;
			buildSettings = {
				ALWAYS_SEARCH_USER_PATHS = NO;
				CLANG_ANALYZER_NONNULL = YES;
				CLANG_ANALYZER_NUMBER_OBJECT_CONVERSION = YES_AGGRESSIVE;
				CLANG_CXX_LANGUAGE_STANDARD = "gnu++20";
				CLANG_ENABLE_MODULES = YES;
				CLANG_ENABLE_OBJC_ARC = YES;
				CLANG_ENABLE_OBJC_WEAK = YES;
				CLANG_WARN_BLOCK_CAPTURE_AUTORELEASING = YES;
				CLANG_WARN_BOOL_CONVERSION = YES;
				CLANG_WARN_COMMA = YES;
				CLANG_WARN_CONSTANT_CONVERSION = YES;
				CLANG_WARN_DEPRECATED_OBJC_IMPLEMENTATIONS = YES;
				CLANG_WARN_DIRECT_OBJC_ISA_USAGE = YES_ERROR;
				CLANG_WARN_DOCUMENTATION_COMMENTS = YES;
				CLANG_WARN_EMPTY_BODY = YES;
				CLANG_WARN_ENUM_CONVERSION = YES;
				CLANG_WARN_INFINITE_RECURSION = YES;
				CLANG_WARN_INT_CONVERSION = YES;
				CLANG_WARN_NON_LITERAL_NULL_CONVERSION = YES;
				CLANG_WARN_OBJC_IMPLICIT_RETAIN_SELF = YES;
				CLANG_WARN_OBJC_LITERAL_CONVERSION = YES;
				CLANG_WARN_OBJC_ROOT_CLASS = YES_ERROR;
				CLANG_WARN_QUOTED_INCLUDE_IN_FRAMEWORK_HEADER = YES;
				CLANG_WARN_RANGE_LOOP_ANALYSIS = YES;
				CLANG_WARN_STRICT_PROTOTYPES = YES;
				CLANG_WARN_SUSPICIOUS_MOVE = YES;
				CLANG_WARN_UNGUARDED_AVAILABILITY = YES_AGGRESSIVE;
				CLANG_WARN_UNREACHABLE_CODE = YES;
				CLANG_WARN__DUPLICATE_METHOD_MATCH = YES;
				COPY_PHASE_STRIP = NO;
				DEBUG_INFORMATION_FORMAT = "dwarf-with-dsym";
				ENABLE_NS_ASSERTIONS = NO;
				ENABLE_STRICT_OBJC_MSGSEND = YES;
				GCC_C_LANGUAGE_STANDARD = gnu11;
				GCC_NO_COMMON_BLOCKS = YES;
				GCC_WARN_64_TO_32_BIT_CONVERSION = YES;
				GCC_WARN_ABOUT_RETURN_TYPE = YES_ERROR;
				GCC_WARN_UNDECLARED_SELECTOR = YES;
				GCC_WARN_UNINITIALIZED_AUTOS = YES_AGGRESSIVE;
				GCC_WARN_UNUSED_FUNCTION = YES;
				GCC_WARN_UNUSED_VARIABLE = YES;
				IPHONEOS_DEPLOYMENT_TARGET = 16.0;
				MTL_ENABLE_DEBUG_INFO = NO;
				MTL_FAST_MATH = YES;
				SDKROOT = iphoneos;
				SWIFT_COMPILATION_MODE = wholemodule;
				SWIFT_OPTIMIZATION_LEVEL = "-O";
				VALIDATE_PRODUCT = YES;
			};
			name = Release;
		};
		521623762B7E629C0049F737 /* Debug */ = {
			isa = XCBuildConfiguration;
			buildSettings = {
				ASSETCATALOG_COMPILER_APPICON_NAME = AppIcon;
				ASSETCATALOG_COMPILER_GLOBAL_ACCENT_COLOR_NAME = AccentColor;
				CODE_SIGN_STYLE = Automatic;
				CURRENT_PROJECT_VERSION = 1;
				GENERATE_INFOPLIST_FILE = YES;
				INFOPLIST_FILE = Darshan_Mistry_MT_8967753/Info.plist;
				INFOPLIST_KEY_UIApplicationSupportsIndirectInputEvents = YES;
				INFOPLIST_KEY_UILaunchStoryboardName = LaunchScreen;
				INFOPLIST_KEY_UIMainStoryboardFile = Main;
				INFOPLIST_KEY_UISupportedInterfaceOrientations_iPad = "UIInterfaceOrientationPortrait UIInterfaceOrientationPortraitUpsideDown UIInterfaceOrientationLandscapeLeft UIInterfaceOrientationLandscapeRight";
				INFOPLIST_KEY_UISupportedInterfaceOrientations_iPhone = "UIInterfaceOrientationPortrait UIInterfaceOrientationLandscapeLeft UIInterfaceOrientationLandscapeRight";
				LD_RUNPATH_SEARCH_PATHS = (
					"$(inherited)",
					"@executable_path/Frameworks",
				);
				MARKETING_VERSION = 1.0;
				PRODUCT_BUNDLE_IDENTIFIER = "cons-lab.Darshan-Mistry-MT-8967753";
				PRODUCT_NAME = "$(TARGET_NAME)";
				SUPPORTED_PLATFORMS = "iphoneos iphonesimulator";
				SUPPORTS_MACCATALYST = NO;
				SUPPORTS_MAC_DESIGNED_FOR_IPHONE_IPAD = NO;
				SWIFT_EMIT_LOC_STRINGS = YES;
				SWIFT_VERSION = 5.0;
				TARGETED_DEVICE_FAMILY = 1;
			};
			name = Debug;
		};
		521623772B7E629C0049F737 /* Release */ = {
			isa = XCBuildConfiguration;
			buildSettings = {
				ASSETCATALOG_COMPILER_APPICON_NAME = AppIcon;
				ASSETCATALOG_COMPILER_GLOBAL_ACCENT_COLOR_NAME = AccentColor;
				CODE_SIGN_STYLE = Automatic;
				CURRENT_PROJECT_VERSION = 1;
				GENERATE_INFOPLIST_FILE = YES;
				INFOPLIST_FILE = Darshan_Mistry_MT_8967753/Info.plist;
				INFOPLIST_KEY_UIApplicationSupportsIndirectInputEvents = YES;
				INFOPLIST_KEY_UILaunchStoryboardName = LaunchScreen;
				INFOPLIST_KEY_UIMainStoryboardFile = Main;
				INFOPLIST_KEY_UISupportedInterfaceOrientations_iPad = "UIInterfaceOrientationPortrait UIInterfaceOrientationPortraitUpsideDown UIInterfaceOrientationLandscapeLeft UIInterfaceOrientationLandscapeRight";
				INFOPLIST_KEY_UISupportedInterfaceOrientations_iPhone = "UIInterfaceOrientationPortrait UIInterfaceOrientationLandscapeLeft UIInterfaceOrientationLandscapeRight";
				LD_RUNPATH_SEARCH_PATHS = (
					"$(inherited)",
					"@executable_path/Frameworks",
				);
				MARKETING_VERSION = 1.0;
				PRODUCT_BUNDLE_IDENTIFIER = "cons-lab.Darshan-Mistry-MT-8967753";
				PRODUCT_NAME = "$(TARGET_NAME)";
				SUPPORTED_PLATFORMS = "iphoneos iphonesimulator";
				SUPPORTS_MACCATALYST = NO;
				SUPPORTS_MAC_DESIGNED_FOR_IPHONE_IPAD = NO;
				SWIFT_EMIT_LOC_STRINGS = YES;
				SWIFT_VERSION = 5.0;
				TARGETED_DEVICE_FAMILY = 1;
			};
			name = Release;
		};
/* End XCBuildConfiguration section */

/* Begin XCConfigurationList section */
		5216235C2B7E629B0049F737 /* Build configuration list for PBXProject "Darshan_Mistry_MT_8967753" */ = {
			isa = XCConfigurationList;
			buildConfigurations = (
				521623732B7E629C0049F737 /* Debug */,
				521623742B7E629C0049F737 /* Release */,
			);
			defaultConfigurationIsVisible = 0;
			defaultConfigurationName = Release;
		};
		521623752B7E629C0049F737 /* Build configuration list for PBXNativeTarget "Darshan_Mistry_MT_8967753" */ = {
			isa = XCConfigurationList;
			buildConfigurations = (
				521623762B7E629C0049F737 /* Debug */,
				521623772B7E629C0049F737 /* Release */,
			);
			defaultConfigurationIsVisible = 0;
			defaultConfigurationName = Release;
		};
/* End XCConfigurationList section */
	};
	rootObject = 521623592B7E629B0049F737 /* Project object */;
}
